
Microsoft Visual Studio Solution File, Format Version 12.00
# Visual Studio 2017
Project("{FAE04EC0-301F-11D3-BF4B-00C04F79EFBC}") = "client_call3", "client_call3.csproj", "{78480033-1023-84A9-27AD-E4A8B1D918DF}"
EndProject
Project("{FAE04EC0-301F-11D3-BF4B-00C04F79EFBC}") = "client_call3", "client_call3.csproj", "{78480033-1023-84A9-27AD-E4A8B1D918DF}"
EndProject
Project("{FAE04EC0-301F-11D3-BF4B-00C04F79EFBC}") = "client_call3.Editor", "client_call3.Editor.csproj", "{BB2FC197-7AB8-9A07-4019-2D6FCDDB0F04}"
EndProject
Project("{FAE04EC0-301F-11D3-BF4B-00C04F79EFBC}") = "client_call3.Editor", "client_call3.Editor.csproj", "{BB2FC197-7AB8-9A07-4019-2D6FCDDB0F04}"
EndProject
Project("{FAE04EC0-301F-11D3-BF4B-00C04F79EFBC}") = "client_call3.Editor", "client_call3.Editor.csproj", "{BB2FC197-7AB8-9A07-4019-2D6FCDDB0F04}"
EndProject
Global
	GlobalSection(SolutionConfigurationPlatforms) = preSolution
		Debug|Any CPU = Debug|Any CPU
		Release|Any CPU = Release|Any CPU
	EndGlobalSection
	GlobalSection(ProjectConfigurationPlatforms) = postSolution
		{78480033-1023-84A9-27AD-E4A8B1D918DF}.Debug|Any CPU.ActiveCfg = Debug|Any CPU
		{78480033-1023-84A9-27AD-E4A8B1D918DF}.Debug|Any CPU.Build.0 = Debug|Any CPU
		{78480033-1023-84A9-27AD-E4A8B1D918DF}.Release|Any CPU.ActiveCfg = Release|Any CPU
		{78480033-1023-84A9-27AD-E4A8B1D918DF}.Release|Any CPU.Build.0 = Release|Any CPU
		{78480033-1023-84A9-27AD-E4A8B1D918DF}.Debug|Any CPU.ActiveCfg = Debug|Any CPU
		{78480033-1023-84A9-27AD-E4A8B1D918DF}.Debug|Any CPU.Build.0 = Debug|Any CPU
		{78480033-1023-84A9-27AD-E4A8B1D918DF}.Release|Any CPU.ActiveCfg = Release|Any CPU
		{78480033-1023-84A9-27AD-E4A8B1D918DF}.Release|Any CPU.Build.0 = Release|Any CPU
		{BB2FC197-7AB8-9A07-4019-2D6FCDDB0F04}.Debug|Any CPU.ActiveCfg = Debug|Any CPU
		{BB2FC197-7AB8-9A07-4019-2D6FCDDB0F04}.Debug|Any CPU.Build.0 = Debug|Any CPU
		{BB2FC197-7AB8-9A07-4019-2D6FCDDB0F04}.Release|Any CPU.ActiveCfg = Release|Any CPU
		{BB2FC197-7AB8-9A07-4019-2D6FCDDB0F04}.Release|Any CPU.Build.0 = Release|Any CPU
		{BB2FC197-7AB8-9A07-4019-2D6FCDDB0F04}.Debug|Any CPU.ActiveCfg = Debug|Any CPU
		{BB2FC197-7AB8-9A07-4019-2D6FCDDB0F04}.Debug|Any CPU.Build.0 = Debug|Any CPU
		{BB2FC197-7AB8-9A07-4019-2D6FCDDB0F04}.Release|Any CPU.ActiveCfg = Release|Any CPU
		{BB2FC197-7AB8-9A07-4019-2D6FCDDB0F04}.Release|Any CPU.Build.0 = Release|Any CPU
		{BB2FC197-7AB8-9A07-4019-2D6FCDDB0F04}.Debug|Any CPU.ActiveCfg = Debug|Any CPU
		{BB2FC197-7AB8-9A07-4019-2D6FCDDB0F04}.Debug|Any CPU.Build.0 = Debug|Any CPU
		{BB2FC197-7AB8-9A07-4019-2D6FCDDB0F04}.Release|Any CPU.ActiveCfg = Release|Any CPU
		{BB2FC197-7AB8-9A07-4019-2D6FCDDB0F04}.Release|Any CPU.Build.0 = Release|Any CPU
	EndGlobalSection
	GlobalSection(SolutionProperties) = preSolution
		HideSolutionNode = FALSE
	EndGlobalSection
EndGlobal
