
Microsoft Visual Studio Solution File, Format Version 12.00
# Visual Studio 15
Project("{FAE04EC0-301F-11D3-BF4B-00C04F79EFBC}") = "Project Clients Call2", "Project Clients Call2.csproj", "{72A79945-18AC-A60D-5381-B70DCEC13707}"
EndProject
Global
	GlobalSection(SolutionConfigurationPlatforms) = preSolution
		Debug|Any CPU = Debug|Any CPU
		Release|Any CPU = Release|Any CPU
	EndGlobalSection
	GlobalSection(ProjectConfigurationPlatforms) = postSolution
		{72A79945-18AC-A60D-5381-B70DCEC13707}.Debug|Any CPU.ActiveCfg = Debug|Any CPU
		{72A79945-18AC-A60D-5381-B70DCEC13707}.Debug|Any CPU.Build.0 = Debug|Any CPU
		{72A79945-18AC-A60D-5381-B70DCEC13707}.Release|Any CPU.ActiveCfg = Release|Any CPU
		{72A79945-18AC-A60D-5381-B70DCEC13707}.Release|Any CPU.Build.0 = Release|Any CPU
	EndGlobalSection
	GlobalSection(SolutionProperties) = preSolution
		HideSolutionNode = FALSE
	EndGlobalSection
EndGlobal
