
Microsoft Visual Studio Solution File, Format Version 12.00
# Visual Studio 2017
Project("{FAE04EC0-301F-11D3-BF4B-00C04F79EFBC}") = "project_client_call", "project_client_call.csproj", "{D6C74B14-DEB0-3B6C-9B64-E608BE1F64AA}"
EndProject
Project("{FAE04EC0-301F-11D3-BF4B-00C04F79EFBC}") = "project_client_call", "project_client_call.csproj", "{D6C74B14-DEB0-3B6C-9B64-E608BE1F64AA}"
EndProject
Project("{FAE04EC0-301F-11D3-BF4B-00C04F79EFBC}") = "project_client_call.Editor", "project_client_call.Editor.csproj", "{162BCD73-7966-7304-76CC-898EE651BBA6}"
EndProject
Project("{FAE04EC0-301F-11D3-BF4B-00C04F79EFBC}") = "project_client_call.Editor", "project_client_call.Editor.csproj", "{162BCD73-7966-7304-76CC-898EE651BBA6}"
EndProject
Project("{FAE04EC0-301F-11D3-BF4B-00C04F79EFBC}") = "project_client_call.Editor", "project_client_call.Editor.csproj", "{162BCD73-7966-7304-76CC-898EE651BBA6}"
EndProject
Global
	GlobalSection(SolutionConfigurationPlatforms) = preSolution
		Debug|Any CPU = Debug|Any CPU
		Release|Any CPU = Release|Any CPU
	EndGlobalSection
	GlobalSection(ProjectConfigurationPlatforms) = postSolution
		{D6C74B14-DEB0-3B6C-9B64-E608BE1F64AA}.Debug|Any CPU.ActiveCfg = Debug|Any CPU
		{D6C74B14-DEB0-3B6C-9B64-E608BE1F64AA}.Debug|Any CPU.Build.0 = Debug|Any CPU
		{D6C74B14-DEB0-3B6C-9B64-E608BE1F64AA}.Release|Any CPU.ActiveCfg = Release|Any CPU
		{D6C74B14-DEB0-3B6C-9B64-E608BE1F64AA}.Release|Any CPU.Build.0 = Release|Any CPU
		{D6C74B14-DEB0-3B6C-9B64-E608BE1F64AA}.Debug|Any CPU.ActiveCfg = Debug|Any CPU
		{D6C74B14-DEB0-3B6C-9B64-E608BE1F64AA}.Debug|Any CPU.Build.0 = Debug|Any CPU
		{D6C74B14-DEB0-3B6C-9B64-E608BE1F64AA}.Release|Any CPU.ActiveCfg = Release|Any CPU
		{D6C74B14-DEB0-3B6C-9B64-E608BE1F64AA}.Release|Any CPU.Build.0 = Release|Any CPU
		{162BCD73-7966-7304-76CC-898EE651BBA6}.Debug|Any CPU.ActiveCfg = Debug|Any CPU
		{162BCD73-7966-7304-76CC-898EE651BBA6}.Debug|Any CPU.Build.0 = Debug|Any CPU
		{162BCD73-7966-7304-76CC-898EE651BBA6}.Release|Any CPU.ActiveCfg = Release|Any CPU
		{162BCD73-7966-7304-76CC-898EE651BBA6}.Release|Any CPU.Build.0 = Release|Any CPU
		{162BCD73-7966-7304-76CC-898EE651BBA6}.Debug|Any CPU.ActiveCfg = Debug|Any CPU
		{162BCD73-7966-7304-76CC-898EE651BBA6}.Debug|Any CPU.Build.0 = Debug|Any CPU
		{162BCD73-7966-7304-76CC-898EE651BBA6}.Release|Any CPU.ActiveCfg = Release|Any CPU
		{162BCD73-7966-7304-76CC-898EE651BBA6}.Release|Any CPU.Build.0 = Release|Any CPU
		{162BCD73-7966-7304-76CC-898EE651BBA6}.Debug|Any CPU.ActiveCfg = Debug|Any CPU
		{162BCD73-7966-7304-76CC-898EE651BBA6}.Debug|Any CPU.Build.0 = Debug|Any CPU
		{162BCD73-7966-7304-76CC-898EE651BBA6}.Release|Any CPU.ActiveCfg = Release|Any CPU
		{162BCD73-7966-7304-76CC-898EE651BBA6}.Release|Any CPU.Build.0 = Release|Any CPU
	EndGlobalSection
	GlobalSection(SolutionProperties) = preSolution
		HideSolutionNode = FALSE
	EndGlobalSection
EndGlobal
